#
# This file is autogenerated by pip-compile with Python 3.10
# by the following command:
#
#    pip-compile --config=pyproject.toml --output-file=/Volumes/Transcend/projects/binary_model/binary-model/src/requirements.lock /Volumes/Transcend/projects/binary_model/binary-model/src/requirements.txt
#
aiofiles==22.1.0
    # via
    #   -r /Volumes/Transcend/projects/binary_model/binary-model/src/requirements.txt
    #   kedro-viz
aiohttp==3.8.4
    # via -r /Volumes/Transcend/projects/binary_model/binary-model/src/requirements.txt
aiosignal==1.3.1
    # via aiohttp
antlr4-python3-runtime==4.9.3
    # via
    #   -r /Volumes/Transcend/projects/binary_model/binary-model/src/requirements.txt
    #   omegaconf
anyconfig==0.10.1
    # via
    #   -r /Volumes/Transcend/projects/binary_model/binary-model/src/requirements.txt
    #   kedro
anyio==3.7.1
    # via
    #   -r /Volumes/Transcend/projects/binary_model/binary-model/src/requirements.txt
    #   jupyter-server
    #   starlette
    #   watchfiles
    #   watchgod
appnope==0.1.3
    # via
    #   ipykernel
    #   ipython
argon2-cffi==21.3.0
    # via
    #   -r /Volumes/Transcend/projects/binary_model/binary-model/src/requirements.txt
    #   jupyter-server
    #   nbclassic
    #   notebook
argon2-cffi-bindings==21.2.0
    # via
    #   -r /Volumes/Transcend/projects/binary_model/binary-model/src/requirements.txt
    #   argon2-cffi
arrow==1.2.3
    # via
    #   -r /Volumes/Transcend/projects/binary_model/binary-model/src/requirements.txt
    #   cookiecutter
    #   isoduration
    #   jinja2-time
asttokens==2.2.1
    # via
    #   -r /Volumes/Transcend/projects/binary_model/binary-model/src/requirements.txt
    #   stack-data
async-lru==2.0.3
    # via jupyterlab
async-timeout==4.0.2
    # via aiohttp
attrs==23.1.0
    # via
    #   -r /Volumes/Transcend/projects/binary_model/binary-model/src/requirements.txt
    #   aiohttp
    #   jsonschema
    #   kedro
    #   referencing
babel==2.12.1
    # via
    #   -r /Volumes/Transcend/projects/binary_model/binary-model/src/requirements.txt
    #   jupyterlab-server
backcall==0.2.0
    # via
    #   -r /Volumes/Transcend/projects/binary_model/binary-model/src/requirements.txt
    #   ipython
beautifulsoup4==4.12.2
    # via
    #   -r /Volumes/Transcend/projects/binary_model/binary-model/src/requirements.txt
    #   nbconvert
binaryornot==0.4.4
    # via
    #   -r /Volumes/Transcend/projects/binary_model/binary-model/src/requirements.txt
    #   cookiecutter
black==23.7.0
    # via -r /Volumes/Transcend/projects/binary_model/binary-model/src/requirements.txt
bleach==6.0.0
    # via
    #   -r /Volumes/Transcend/projects/binary_model/binary-model/src/requirements.txt
    #   nbconvert
build==0.10.0
    # via
    #   -r /Volumes/Transcend/projects/binary_model/binary-model/src/requirements.txt
    #   kedro
    #   pip-tools
cachetools==5.3.1
    # via
    #   -r /Volumes/Transcend/projects/binary_model/binary-model/src/requirements.txt
    #   kedro
certifi==2023.5.7
    # via
    #   -r /Volumes/Transcend/projects/binary_model/binary-model/src/requirements.txt
    #   requests
cffi==1.15.1
    # via
    #   -r /Volumes/Transcend/projects/binary_model/binary-model/src/requirements.txt
    #   argon2-cffi-bindings
chardet==5.1.0
    # via
    #   -r /Volumes/Transcend/projects/binary_model/binary-model/src/requirements.txt
    #   binaryornot
charset-normalizer==3.2.0
    # via
    #   -r /Volumes/Transcend/projects/binary_model/binary-model/src/requirements.txt
    #   aiohttp
    #   requests
click==8.1.4
    # via
    #   -r /Volumes/Transcend/projects/binary_model/binary-model/src/requirements.txt
    #   black
    #   cookiecutter
    #   kedro
    #   pip-tools
    #   uvicorn
colorama==0.4.6
    # via -r /Volumes/Transcend/projects/binary_model/binary-model/src/requirements.txt
comm==0.1.3
    # via
    #   -r /Volumes/Transcend/projects/binary_model/binary-model/src/requirements.txt
    #   ipykernel
contourpy==1.1.0
    # via
    #   -r /Volumes/Transcend/projects/binary_model/binary-model/src/requirements.txt
    #   matplotlib
cookiecutter==2.2.3
    # via
    #   -r /Volumes/Transcend/projects/binary_model/binary-model/src/requirements.txt
    #   kedro
coverage[toml]==7.2.7
    # via
    #   -r /Volumes/Transcend/projects/binary_model/binary-model/src/requirements.txt
    #   pytest-cov
cramjam==2.6.2
    # via
    #   -r /Volumes/Transcend/projects/binary_model/binary-model/src/requirements.txt
    #   fastparquet
cycler==0.11.0
    # via
    #   -r /Volumes/Transcend/projects/binary_model/binary-model/src/requirements.txt
    #   matplotlib
debugpy==1.6.7
    # via
    #   -r /Volumes/Transcend/projects/binary_model/binary-model/src/requirements.txt
    #   ipykernel
decorator==5.1.1
    # via
    #   -r /Volumes/Transcend/projects/binary_model/binary-model/src/requirements.txt
    #   ipython
defusedxml==0.7.1
    # via
    #   -r /Volumes/Transcend/projects/binary_model/binary-model/src/requirements.txt
    #   nbconvert
dynaconf==3.1.12
    # via
    #   -r /Volumes/Transcend/projects/binary_model/binary-model/src/requirements.txt
    #   kedro
et-xmlfile==1.1.0
    # via
    #   -r /Volumes/Transcend/projects/binary_model/binary-model/src/requirements.txt
    #   openpyxl
exceptiongroup==1.1.2
    # via
    #   -r /Volumes/Transcend/projects/binary_model/binary-model/src/requirements.txt
    #   anyio
    #   pytest
executing==1.2.0
    # via
    #   -r /Volumes/Transcend/projects/binary_model/binary-model/src/requirements.txt
    #   stack-data
fastapi==0.95.2
    # via
    #   -r /Volumes/Transcend/projects/binary_model/binary-model/src/requirements.txt
    #   kedro-viz
fastjsonschema==2.17.1
    # via
    #   -r /Volumes/Transcend/projects/binary_model/binary-model/src/requirements.txt
    #   nbformat
fastparquet==2023.7.0
    # via -r /Volumes/Transcend/projects/binary_model/binary-model/src/requirements.txt
flake8==6.0.0
    # via -r /Volumes/Transcend/projects/binary_model/binary-model/src/requirements.txt
fonttools==4.40.0
    # via
    #   -r /Volumes/Transcend/projects/binary_model/binary-model/src/requirements.txt
    #   matplotlib
fqdn==1.5.1
    # via
    #   -r /Volumes/Transcend/projects/binary_model/binary-model/src/requirements.txt
    #   jsonschema
frozenlist==1.3.3
    # via
    #   aiohttp
    #   aiosignal
fsspec==2023.6.0
    # via
    #   -r /Volumes/Transcend/projects/binary_model/binary-model/src/requirements.txt
    #   fastparquet
    #   kedro
    #   kedro-viz
gitdb==4.0.10
    # via
    #   -r /Volumes/Transcend/projects/binary_model/binary-model/src/requirements.txt
    #   gitpython
gitpython==3.1.32
    # via
    #   -r /Volumes/Transcend/projects/binary_model/binary-model/src/requirements.txt
    #   kedro
graphql-core==3.2.3
    # via
    #   -r /Volumes/Transcend/projects/binary_model/binary-model/src/requirements.txt
    #   strawberry-graphql
greenlet==2.0.2
    # via -r /Volumes/Transcend/projects/binary_model/binary-model/src/requirements.txt
h11==0.14.0
    # via uvicorn
httptools==0.6.0
    # via
    #   -r /Volumes/Transcend/projects/binary_model/binary-model/src/requirements.txt
    #   uvicorn
idna==3.4
    # via
    #   -r /Volumes/Transcend/projects/binary_model/binary-model/src/requirements.txt
    #   anyio
    #   jsonschema
    #   requests
    #   yarl
imbalanced-learn==0.11.0
    # via
    #   -r /Volumes/Transcend/projects/binary_model/binary-model/src/requirements.txt
    #   imblearn
imblearn==0.0
    # via -r /Volumes/Transcend/projects/binary_model/binary-model/src/requirements.txt
importlib-metadata==6.8.0
    # via
    #   -r /Volumes/Transcend/projects/binary_model/binary-model/src/requirements.txt
    #   kedro
importlib-resources==6.0.0
    # via
    #   -r /Volumes/Transcend/projects/binary_model/binary-model/src/requirements.txt
    #   kedro
iniconfig==2.0.0
    # via
    #   -r /Volumes/Transcend/projects/binary_model/binary-model/src/requirements.txt
    #   pytest
ipykernel==6.24.0
    # via
    #   -r /Volumes/Transcend/projects/binary_model/binary-model/src/requirements.txt
    #   ipywidgets
    #   jupyter
    #   jupyter-console
    #   jupyterlab
    #   nbclassic
    #   notebook
    #   qtconsole
ipython==8.14.0
    # via
    #   -r /Volumes/Transcend/projects/binary_model/binary-model/src/requirements.txt
    #   ipykernel
    #   ipywidgets
    #   jupyter-console
    #   kedro-viz
ipython-genutils==0.2.0
    # via
    #   -r /Volumes/Transcend/projects/binary_model/binary-model/src/requirements.txt
    #   nbclassic
    #   notebook
    #   qtconsole
ipywidgets==8.0.7
    # via
    #   -r /Volumes/Transcend/projects/binary_model/binary-model/src/requirements.txt
    #   jupyter
isoduration==20.11.0
    # via
    #   -r /Volumes/Transcend/projects/binary_model/binary-model/src/requirements.txt
    #   jsonschema
isort==5.12.0
    # via -r /Volumes/Transcend/projects/binary_model/binary-model/src/requirements.txt
jedi==0.18.2
    # via
    #   -r /Volumes/Transcend/projects/binary_model/binary-model/src/requirements.txt
    #   ipython
jinja2==3.1.2
    # via
    #   -r /Volumes/Transcend/projects/binary_model/binary-model/src/requirements.txt
    #   cookiecutter
    #   jinja2-time
    #   jupyter-server
    #   jupyterlab
    #   jupyterlab-server
    #   nbclassic
    #   nbconvert
    #   notebook
jinja2-time==0.2.0
    # via -r /Volumes/Transcend/projects/binary_model/binary-model/src/requirements.txt
jmespath==0.10.0
    # via
    #   -r /Volumes/Transcend/projects/binary_model/binary-model/src/requirements.txt
    #   kedro
joblib==1.3.1
    # via
    #   -r /Volumes/Transcend/projects/binary_model/binary-model/src/requirements.txt
    #   imbalanced-learn
    #   mlxtend
    #   scikit-learn
json5==0.9.14
    # via
    #   -r /Volumes/Transcend/projects/binary_model/binary-model/src/requirements.txt
    #   jupyterlab-server
jsonpointer==2.4
    # via
    #   -r /Volumes/Transcend/projects/binary_model/binary-model/src/requirements.txt
    #   jsonschema
jsonschema[format-nongpl]==4.18.2
    # via
    #   -r /Volumes/Transcend/projects/binary_model/binary-model/src/requirements.txt
    #   jupyter-events
    #   jupyterlab-server
    #   nbformat
jsonschema-specifications==2023.6.1
    # via jsonschema
jupyter==1.0.0
    # via -r /Volumes/Transcend/projects/binary_model/binary-model/src/requirements.txt
jupyter-client==8.3.0
    # via
    #   -r /Volumes/Transcend/projects/binary_model/binary-model/src/requirements.txt
    #   ipykernel
    #   jupyter-console
    #   jupyter-server
    #   nbclassic
    #   nbclient
    #   notebook
    #   qtconsole
jupyter-console==6.6.3
    # via
    #   -r /Volumes/Transcend/projects/binary_model/binary-model/src/requirements.txt
    #   jupyter
jupyter-core==5.3.1
    # via
    #   -r /Volumes/Transcend/projects/binary_model/binary-model/src/requirements.txt
    #   ipykernel
    #   jupyter-client
    #   jupyter-console
    #   jupyter-server
    #   jupyterlab
    #   nbclassic
    #   nbclient
    #   nbconvert
    #   nbformat
    #   notebook
    #   qtconsole
jupyter-events==0.6.3
    # via
    #   -r /Volumes/Transcend/projects/binary_model/binary-model/src/requirements.txt
    #   jupyter-server
jupyter-lsp==2.2.0
    # via jupyterlab
jupyter-server==2.7.0
    # via
    #   -r /Volumes/Transcend/projects/binary_model/binary-model/src/requirements.txt
    #   jupyter-lsp
    #   jupyterlab
    #   jupyterlab-server
    #   nbclassic
    #   notebook-shim
jupyter-server-terminals==0.4.4
    # via
    #   -r /Volumes/Transcend/projects/binary_model/binary-model/src/requirements.txt
    #   jupyter-server
jupyterlab==4.0.2
    # via -r /Volumes/Transcend/projects/binary_model/binary-model/src/requirements.txt
jupyterlab-pygments==0.2.2
    # via
    #   -r /Volumes/Transcend/projects/binary_model/binary-model/src/requirements.txt
    #   nbconvert
jupyterlab-server==2.23.0
    # via
    #   -r /Volumes/Transcend/projects/binary_model/binary-model/src/requirements.txt
    #   jupyterlab
jupyterlab-widgets==3.0.8
    # via
    #   -r /Volumes/Transcend/projects/binary_model/binary-model/src/requirements.txt
    #   ipywidgets
kedro==0.18.11
    # via
    #   -r /Volumes/Transcend/projects/binary_model/binary-model/src/requirements.txt
    #   kedro-datasets
    #   kedro-telemetry
    #   kedro-viz
kedro-datasets==1.4.2
    # via -r /Volumes/Transcend/projects/binary_model/binary-model/src/requirements.txt
kedro-telemetry==0.2.4
    # via -r /Volumes/Transcend/projects/binary_model/binary-model/src/requirements.txt
kedro-viz==6.3.3
    # via -r /Volumes/Transcend/projects/binary_model/binary-model/src/requirements.txt
kiwisolver==1.4.4
    # via
    #   -r /Volumes/Transcend/projects/binary_model/binary-model/src/requirements.txt
    #   matplotlib
markdown-it-py==3.0.0
    # via
    #   -r /Volumes/Transcend/projects/binary_model/binary-model/src/requirements.txt
    #   rich
markupsafe==2.1.3
    # via
    #   -r /Volumes/Transcend/projects/binary_model/binary-model/src/requirements.txt
    #   jinja2
    #   nbconvert
matplotlib==3.7.2
    # via
    #   -r /Volumes/Transcend/projects/binary_model/binary-model/src/requirements.txt
    #   mlxtend
matplotlib-inline==0.1.6
    # via
    #   -r /Volumes/Transcend/projects/binary_model/binary-model/src/requirements.txt
    #   ipykernel
    #   ipython
mccabe==0.7.0
    # via
    #   -r /Volumes/Transcend/projects/binary_model/binary-model/src/requirements.txt
    #   flake8
mdurl==0.1.2
    # via
    #   -r /Volumes/Transcend/projects/binary_model/binary-model/src/requirements.txt
    #   markdown-it-py
mistune==3.0.1
    # via
    #   -r /Volumes/Transcend/projects/binary_model/binary-model/src/requirements.txt
    #   nbconvert
mlxtend==0.22.0
    # via -r /Volumes/Transcend/projects/binary_model/binary-model/src/requirements.txt
more-itertools==9.1.0
    # via
    #   -r /Volumes/Transcend/projects/binary_model/binary-model/src/requirements.txt
    #   kedro
multidict==6.0.4
    # via
    #   aiohttp
    #   yarl
mypy-extensions==1.0.0
    # via
    #   -r /Volumes/Transcend/projects/binary_model/binary-model/src/requirements.txt
    #   black
nbclassic==1.0.0
    # via
    #   -r /Volumes/Transcend/projects/binary_model/binary-model/src/requirements.txt
    #   notebook
nbclient==0.8.0
    # via
    #   -r /Volumes/Transcend/projects/binary_model/binary-model/src/requirements.txt
    #   nbconvert
nbconvert==7.6.0
    # via
    #   -r /Volumes/Transcend/projects/binary_model/binary-model/src/requirements.txt
    #   jupyter
    #   jupyter-server
    #   nbclassic
    #   notebook
nbformat==5.9.1
    # via
    #   -r /Volumes/Transcend/projects/binary_model/binary-model/src/requirements.txt
    #   jupyter-server
    #   nbclassic
    #   nbclient
    #   nbconvert
    #   nbstripout
    #   notebook
nbstripout==0.6.1
    # via -r /Volumes/Transcend/projects/binary_model/binary-model/src/requirements.txt
nest-asyncio==1.5.6
    # via
    #   -r /Volumes/Transcend/projects/binary_model/binary-model/src/requirements.txt
    #   ipykernel
    #   nbclassic
    #   notebook
networkx==3.1
    # via
    #   -r /Volumes/Transcend/projects/binary_model/binary-model/src/requirements.txt
    #   kedro-viz
notebook==6.5.4
    # via
    #   -r /Volumes/Transcend/projects/binary_model/binary-model/src/requirements.txt
    #   jupyter
notebook-shim==0.2.3
    # via
    #   -r /Volumes/Transcend/projects/binary_model/binary-model/src/requirements.txt
    #   jupyterlab
    #   nbclassic
numpy==1.25.1
    # via
    #   -r /Volumes/Transcend/projects/binary_model/binary-model/src/requirements.txt
    #   contourpy
    #   fastparquet
    #   imbalanced-learn
    #   matplotlib
    #   mlxtend
    #   pandas
    #   patsy
    #   pyarrow
    #   scikit-learn
    #   scipy
    #   statsmodels
omegaconf==2.3.0
    # via
    #   -r /Volumes/Transcend/projects/binary_model/binary-model/src/requirements.txt
    #   kedro
openpyxl==3.1.2
    # via -r /Volumes/Transcend/projects/binary_model/binary-model/src/requirements.txt
orjson==3.9.2
    # via
    #   -r /Volumes/Transcend/projects/binary_model/binary-model/src/requirements.txt
    #   kedro-viz
overrides==7.3.1
    # via
    #   -r /Volumes/Transcend/projects/binary_model/binary-model/src/requirements.txt
    #   jupyter-server
packaging==23.1
    # via
    #   -r /Volumes/Transcend/projects/binary_model/binary-model/src/requirements.txt
    #   black
    #   build
    #   fastparquet
    #   ipykernel
    #   jupyter-server
    #   jupyterlab
    #   jupyterlab-server
    #   matplotlib
    #   nbconvert
    #   plotly
    #   pytest
    #   pytoolconfig
    #   qtconsole
    #   qtpy
    #   statsmodels
pandas==2.0.3
    # via
    #   -r /Volumes/Transcend/projects/binary_model/binary-model/src/requirements.txt
    #   fastparquet
    #   kedro-viz
    #   mlxtend
    #   statsmodels
pandocfilters==1.5.0
    # via
    #   -r /Volumes/Transcend/projects/binary_model/binary-model/src/requirements.txt
    #   nbconvert
parso==0.8.3
    # via
    #   -r /Volumes/Transcend/projects/binary_model/binary-model/src/requirements.txt
    #   jedi
pathspec==0.11.1
    # via
    #   -r /Volumes/Transcend/projects/binary_model/binary-model/src/requirements.txt
    #   black
patsy==0.5.3
    # via
    #   -r /Volumes/Transcend/projects/binary_model/binary-model/src/requirements.txt
    #   statsmodels
pexpect==4.8.0
    # via ipython
pickleshare==0.7.5
    # via
    #   -r /Volumes/Transcend/projects/binary_model/binary-model/src/requirements.txt
    #   ipython
pillow==10.0.0
    # via
    #   -r /Volumes/Transcend/projects/binary_model/binary-model/src/requirements.txt
    #   matplotlib
pip-tools==6.14.0
    # via kedro
platformdirs==3.8.1
    # via
    #   -r /Volumes/Transcend/projects/binary_model/binary-model/src/requirements.txt
    #   black
    #   jupyter-core
    #   pytoolconfig
plotly==5.15.0
    # via
    #   -r /Volumes/Transcend/projects/binary_model/binary-model/src/requirements.txt
    #   kedro-viz
pluggy==1.0.0
    # via
    #   -r /Volumes/Transcend/projects/binary_model/binary-model/src/requirements.txt
    #   kedro
    #   pytest
prometheus-client==0.17.1
    # via
    #   -r /Volumes/Transcend/projects/binary_model/binary-model/src/requirements.txt
    #   jupyter-server
    #   nbclassic
    #   notebook
prompt-toolkit==3.0.39
    # via
    #   -r /Volumes/Transcend/projects/binary_model/binary-model/src/requirements.txt
    #   ipython
    #   jupyter-console
psutil==5.9.5
    # via
    #   -r /Volumes/Transcend/projects/binary_model/binary-model/src/requirements.txt
    #   ipykernel
ptyprocess==0.7.0
    # via
    #   pexpect
    #   terminado
pure-eval==0.2.2
    # via
    #   -r /Volumes/Transcend/projects/binary_model/binary-model/src/requirements.txt
    #   stack-data
pyarrow==12.0.1
    # via -r /Volumes/Transcend/projects/binary_model/binary-model/src/requirements.txt
pycodestyle==2.10.0
    # via
    #   -r /Volumes/Transcend/projects/binary_model/binary-model/src/requirements.txt
    #   flake8
pycparser==2.21
    # via
    #   -r /Volumes/Transcend/projects/binary_model/binary-model/src/requirements.txt
    #   cffi
pydantic==1.10.11
    # via
    #   -r /Volumes/Transcend/projects/binary_model/binary-model/src/requirements.txt
    #   fastapi
pyflakes==3.0.1
    # via
    #   -r /Volumes/Transcend/projects/binary_model/binary-model/src/requirements.txt
    #   flake8
pygments==2.15.1
    # via
    #   -r /Volumes/Transcend/projects/binary_model/binary-model/src/requirements.txt
    #   ipython
    #   jupyter-console
    #   nbconvert
    #   qtconsole
    #   rich
pyparsing==3.0.9
    # via
    #   -r /Volumes/Transcend/projects/binary_model/binary-model/src/requirements.txt
    #   matplotlib
pyproject-hooks==1.0.0
    # via
    #   -r /Volumes/Transcend/projects/binary_model/binary-model/src/requirements.txt
    #   build
pyrsistent==0.19.3
    # via -r /Volumes/Transcend/projects/binary_model/binary-model/src/requirements.txt
pytest==7.4.0
    # via
    #   -r /Volumes/Transcend/projects/binary_model/binary-model/src/requirements.txt
    #   pytest-cov
    #   pytest-mock
pytest-cov==4.1.0
    # via -r /Volumes/Transcend/projects/binary_model/binary-model/src/requirements.txt
pytest-mock==3.11.1
    # via -r /Volumes/Transcend/projects/binary_model/binary-model/src/requirements.txt
python-dateutil==2.8.2
    # via
    #   -r /Volumes/Transcend/projects/binary_model/binary-model/src/requirements.txt
    #   arrow
    #   jupyter-client
    #   matplotlib
    #   pandas
    #   strawberry-graphql
python-dotenv==1.0.0
    # via
    #   -r /Volumes/Transcend/projects/binary_model/binary-model/src/requirements.txt
    #   uvicorn
python-json-logger==2.0.7
    # via
    #   -r /Volumes/Transcend/projects/binary_model/binary-model/src/requirements.txt
    #   jupyter-events
python-slugify==8.0.1
    # via
    #   -r /Volumes/Transcend/projects/binary_model/binary-model/src/requirements.txt
    #   cookiecutter
pytoolconfig[global]==1.2.5
    # via
    #   -r /Volumes/Transcend/projects/binary_model/binary-model/src/requirements.txt
    #   rope
pytz==2023.3
    # via
    #   -r /Volumes/Transcend/projects/binary_model/binary-model/src/requirements.txt
    #   pandas
pyyaml==6.0
    # via
    #   -r /Volumes/Transcend/projects/binary_model/binary-model/src/requirements.txt
    #   cookiecutter
    #   jupyter-events
    #   kedro
    #   omegaconf
    #   uvicorn
pyzmq==25.1.0
    # via
    #   -r /Volumes/Transcend/projects/binary_model/binary-model/src/requirements.txt
    #   ipykernel
    #   jupyter-client
    #   jupyter-console
    #   jupyter-server
    #   nbclassic
    #   notebook
    #   qtconsole
qtconsole==5.4.3
    # via
    #   -r /Volumes/Transcend/projects/binary_model/binary-model/src/requirements.txt
    #   jupyter
qtpy==2.3.1
    # via
    #   -r /Volumes/Transcend/projects/binary_model/binary-model/src/requirements.txt
    #   qtconsole
referencing==0.29.1
    # via
    #   jsonschema
    #   jsonschema-specifications
requests==2.31.0
    # via
    #   -r /Volumes/Transcend/projects/binary_model/binary-model/src/requirements.txt
    #   cookiecutter
    #   jupyterlab-server
    #   kedro-telemetry
rfc3339-validator==0.1.4
    # via
    #   -r /Volumes/Transcend/projects/binary_model/binary-model/src/requirements.txt
    #   jsonschema
    #   jupyter-events
rfc3986-validator==0.1.1
    # via
    #   -r /Volumes/Transcend/projects/binary_model/binary-model/src/requirements.txt
    #   jsonschema
    #   jupyter-events
rich==13.4.2
    # via
    #   -r /Volumes/Transcend/projects/binary_model/binary-model/src/requirements.txt
    #   kedro
rope==1.9.0
    # via
    #   -r /Volumes/Transcend/projects/binary_model/binary-model/src/requirements.txt
    #   kedro
rpds-py==0.8.10
    # via
    #   jsonschema
    #   referencing
scikit-learn==1.3.0
    # via
    #   -r /Volumes/Transcend/projects/binary_model/binary-model/src/requirements.txt
    #   imbalanced-learn
    #   mlxtend
scipy==1.11.1
    # via
    #   -r /Volumes/Transcend/projects/binary_model/binary-model/src/requirements.txt
    #   imbalanced-learn
    #   mlxtend
    #   scikit-learn
    #   statsmodels
secure==0.3.0
    # via
    #   -r /Volumes/Transcend/projects/binary_model/binary-model/src/requirements.txt
    #   kedro-viz
semver==3.0.1
    # via
    #   -r /Volumes/Transcend/projects/binary_model/binary-model/src/requirements.txt
    #   kedro-viz
send2trash==1.8.2
    # via
    #   -r /Volumes/Transcend/projects/binary_model/binary-model/src/requirements.txt
    #   jupyter-server
    #   nbclassic
    #   notebook
six==1.16.0
    # via
    #   -r /Volumes/Transcend/projects/binary_model/binary-model/src/requirements.txt
    #   asttokens
    #   bleach
    #   patsy
    #   python-dateutil
    #   rfc3339-validator
smmap==5.0.0
    # via
    #   -r /Volumes/Transcend/projects/binary_model/binary-model/src/requirements.txt
    #   gitdb
sniffio==1.3.0
    # via
    #   -r /Volumes/Transcend/projects/binary_model/binary-model/src/requirements.txt
    #   anyio
soupsieve==2.4.1
    # via
    #   -r /Volumes/Transcend/projects/binary_model/binary-model/src/requirements.txt
    #   beautifulsoup4
sqlalchemy==2.0.18
    # via
    #   -r /Volumes/Transcend/projects/binary_model/binary-model/src/requirements.txt
    #   kedro-viz
stack-data==0.6.2
    # via
    #   -r /Volumes/Transcend/projects/binary_model/binary-model/src/requirements.txt
    #   ipython
starlette==0.27.0
    # via
    #   -r /Volumes/Transcend/projects/binary_model/binary-model/src/requirements.txt
    #   fastapi
statsmodels==0.14.0
    # via -r /Volumes/Transcend/projects/binary_model/binary-model/src/requirements.txt
strawberry-graphql==0.194.4
    # via
    #   -r /Volumes/Transcend/projects/binary_model/binary-model/src/requirements.txt
    #   kedro-viz
tenacity==8.2.2
    # via
    #   -r /Volumes/Transcend/projects/binary_model/binary-model/src/requirements.txt
    #   plotly
terminado==0.17.1
    # via
    #   -r /Volumes/Transcend/projects/binary_model/binary-model/src/requirements.txt
    #   jupyter-server
    #   jupyter-server-terminals
    #   nbclassic
    #   notebook
text-unidecode==1.3
    # via
    #   -r /Volumes/Transcend/projects/binary_model/binary-model/src/requirements.txt
    #   python-slugify
threadpoolctl==3.1.0
    # via
    #   -r /Volumes/Transcend/projects/binary_model/binary-model/src/requirements.txt
    #   imbalanced-learn
    #   scikit-learn
tinycss2==1.2.1
    # via
    #   -r /Volumes/Transcend/projects/binary_model/binary-model/src/requirements.txt
    #   nbconvert
toml==0.10.2
    # via
    #   -r /Volumes/Transcend/projects/binary_model/binary-model/src/requirements.txt
    #   kedro
tomli==2.0.1
    # via
    #   -r /Volumes/Transcend/projects/binary_model/binary-model/src/requirements.txt
    #   black
    #   build
    #   coverage
    #   jupyterlab
    #   pip-tools
    #   pyproject-hooks
    #   pytest
    #   pytoolconfig
toposort==1.10
    # via
    #   -r /Volumes/Transcend/projects/binary_model/binary-model/src/requirements.txt
    #   kedro
tornado==6.3.2
    # via
    #   -r /Volumes/Transcend/projects/binary_model/binary-model/src/requirements.txt
    #   ipykernel
    #   jupyter-client
    #   jupyter-server
    #   jupyterlab
    #   nbclassic
    #   notebook
    #   terminado
traitlets==5.9.0
    # via
    #   -r /Volumes/Transcend/projects/binary_model/binary-model/src/requirements.txt
    #   comm
    #   ipykernel
    #   ipython
    #   ipywidgets
    #   jupyter-client
    #   jupyter-console
    #   jupyter-core
    #   jupyter-events
    #   jupyter-server
    #   jupyterlab
    #   matplotlib-inline
    #   nbclassic
    #   nbclient
    #   nbconvert
    #   nbformat
    #   notebook
    #   qtconsole
typing-extensions==4.7.1
    # via
    #   -r /Volumes/Transcend/projects/binary_model/binary-model/src/requirements.txt
    #   async-lru
    #   pydantic
    #   sqlalchemy
    #   strawberry-graphql
tzdata==2023.3
    # via
    #   -r /Volumes/Transcend/projects/binary_model/binary-model/src/requirements.txt
    #   pandas
uri-template==1.3.0
    # via
    #   -r /Volumes/Transcend/projects/binary_model/binary-model/src/requirements.txt
    #   jsonschema
urllib3==2.0.3
    # via
    #   -r /Volumes/Transcend/projects/binary_model/binary-model/src/requirements.txt
    #   requests
uvicorn[standard]==0.22.0
    # via
    #   -r /Volumes/Transcend/projects/binary_model/binary-model/src/requirements.txt
    #   kedro-viz
uvloop==0.17.0
    # via uvicorn
watchfiles==0.19.0
    # via
    #   -r /Volumes/Transcend/projects/binary_model/binary-model/src/requirements.txt
    #   uvicorn
watchgod==0.8.2
    # via
    #   -r /Volumes/Transcend/projects/binary_model/binary-model/src/requirements.txt
    #   kedro-viz
wcwidth==0.2.6
    # via
    #   -r /Volumes/Transcend/projects/binary_model/binary-model/src/requirements.txt
    #   prompt-toolkit
webcolors==1.13
    # via
    #   -r /Volumes/Transcend/projects/binary_model/binary-model/src/requirements.txt
    #   jsonschema
webencodings==0.5.1
    # via
    #   -r /Volumes/Transcend/projects/binary_model/binary-model/src/requirements.txt
    #   bleach
    #   tinycss2
websocket-client==1.6.1
    # via
    #   -r /Volumes/Transcend/projects/binary_model/binary-model/src/requirements.txt
    #   jupyter-server
websockets==11.0.3
    # via
    #   -r /Volumes/Transcend/projects/binary_model/binary-model/src/requirements.txt
    #   uvicorn
wheel==0.40.0
    # via pip-tools
widgetsnbextension==4.0.8
    # via
    #   -r /Volumes/Transcend/projects/binary_model/binary-model/src/requirements.txt
    #   ipywidgets
yarl==1.9.2
    # via aiohttp
zipp==3.16.0
    # via
    #   -r /Volumes/Transcend/projects/binary_model/binary-model/src/requirements.txt
    #   importlib-metadata

# The following packages are considered to be unsafe in a requirements file:
# pip
# setuptools
